// !$*UTF8*$!
{
	archiveVersion = 1;
	classes = {
	};
	objectVersion = 46;
	objects = {

/* Begin PBXBuildFile section */
		9F8576681C434A0B009B5E3C /* main.m in Sources */ = {isa = PBXBuildFile; fileRef = 9F8576671C434A0B009B5E3C /* main.m */; };
		9F85766B1C434A0C009B5E3C /* AppDelegate.m in Sources */ = {isa = PBXBuildFile; fileRef = 9F85766A1C434A0C009B5E3C /* AppDelegate.m */; };
		9F85766E1C434A0C009B5E3C /* ViewController.m in Sources */ = {isa = PBXBuildFile; fileRef = 9F85766D1C434A0C009B5E3C /* ViewController.m */; };
		9F8576711C434A0C009B5E3C /* Main.storyboard in Resources */ = {isa = PBXBuildFile; fileRef = 9F85766F1C434A0C009B5E3C /* Main.storyboard */; };
		9F8576731C434A0C009B5E3C /* Assets.xcassets in Resources */ = {isa = PBXBuildFile; fileRef = 9F8576721C434A0C009B5E3C /* Assets.xcassets */; };
		9F8576761C434A0C009B5E3C /* LaunchScreen.storyboard in Resources */ = {isa = PBXBuildFile; fileRef = 9F8576741C434A0C009B5E3C /* LaunchScreen.storyboard */; };
		9F8576811C434A0C009B5E3C /* DogCloudTests.m in Sources */ = {isa = PBXBuildFile; fileRef = 9F8576801C434A0C009B5E3C /* DogCloudTests.m */; };
		9F85768C1C434A0C009B5E3C /* DogCloudUITests.m in Sources */ = {isa = PBXBuildFile; fileRef = 9F85768B1C434A0C009B5E3C /* DogCloudUITests.m */; };
/* End PBXBuildFile section */

/* Begin PBXContainerItemProxy section */
		9F85767D1C434A0C009B5E3C /* PBXContainerItemProxy */ = {
			isa = PBXContainerItemProxy;
			containerPortal = 9F85765B1C434A0B009B5E3C /* Project object */;
			proxyType = 1;
			remoteGlobalIDString = 9F8576621C434A0B009B5E3C;
			remoteInfo = DogCloud;
		};
		9F8576881C434A0C009B5E3C /* PBXContainerItemProxy */ = {
			isa = PBXContainerItemProxy;
			containerPortal = 9F85765B1C434A0B009B5E3C /* Project object */;
			proxyType = 1;
			remoteGlobalIDString = 9F8576621C434A0B009B5E3C;
			remoteInfo = DogCloud;
		};
/* End PBXContainerItemProxy section */

/* Begin PBXFileReference section */
		9F8576631C434A0B009B5E3C /* DogCloud.app */ = {isa = PBXFileReference; explicitFileType = wrapper.application; includeInIndex = 0; path = DogCloud.app; sourceTree = BUILT_PRODUCTS_DIR; };
		9F8576671C434A0B009B5E3C /* main.m */ = {isa = PBXFileReference; lastKnownFileType = sourcecode.c.objc; path = main.m; sourceTree = "<group>"; };
		9F8576691C434A0B009B5E3C /* AppDelegate.h */ = {isa = PBXFileReference; lastKnownFileType = sourcecode.c.h; path = AppDelegate.h; sourceTree = "<group>"; };
		9F85766A1C434A0C009B5E3C /* AppDelegate.m */ = {isa = PBXFileReference; lastKnownFileType = sourcecode.c.objc; path = AppDelegate.m; sourceTree = "<group>"; };
		9F85766C1C434A0C009B5E3C /* ViewController.h */ = {isa = PBXFileReference; lastKnownFileType = sourcecode.c.h; path = ViewController.h; sourceTree = "<group>"; };
		9F85766D1C434A0C009B5E3C /* ViewController.m */ = {isa = PBXFileReference; lastKnownFileType = sourcecode.c.objc; path = ViewController.m; sourceTree = "<group>"; };
		9F8576701C434A0C009B5E3C /* Base */ = {isa = PBXFileReference; lastKnownFileType = file.storyboard; name = Base; path = Base.lproj/Main.storyboard; sourceTree = "<group>"; };
		9F8576721C434A0C009B5E3C /* Assets.xcassets */ = {isa = PBXFileReference; lastKnownFileType = folder.assetcatalog; path = Assets.xcassets; sourceTree = "<group>"; };
		9F8576751C434A0C009B5E3C /* Base */ = {isa = PBXFileReference; lastKnownFileType = file.storyboard; name = Base; path = Base.lproj/LaunchScreen.storyboard; sourceTree = "<group>"; };
		9F8576771C434A0C009B5E3C /* Info.plist */ = {isa = PBXFileReference; lastKnownFileType = text.plist.xml; path = Info.plist; sourceTree = "<group>"; };
		9F85767C1C434A0C009B5E3C /* DogCloudTests.xctest */ = {isa = PBXFileReference; explicitFileType = wrapper.cfbundle; includeInIndex = 0; path = DogCloudTests.xctest; sourceTree = BUILT_PRODUCTS_DIR; };
		9F8576801C434A0C009B5E3C /* DogCloudTests.m */ = {isa = PBXFileReference; lastKnownFileType = sourcecode.c.objc; path = DogCloudTests.m; sourceTree = "<group>"; };
		9F8576821C434A0C009B5E3C /* Info.plist */ = {isa = PBXFileReference; lastKnownFileType = text.plist.xml; path = Info.plist; sourceTree = "<group>"; };
		9F8576871C434A0C009B5E3C /* DogCloudUITests.xctest */ = {isa = PBXFileReference; explicitFileType = wrapper.cfbundle; includeInIndex = 0; path = DogCloudUITests.xctest; sourceTree = BUILT_PRODUCTS_DIR; };
		9F85768B1C434A0C009B5E3C /* DogCloudUITests.m */ = {isa = PBXFileReference; lastKnownFileType = sourcecode.c.objc; path = DogCloudUITests.m; sourceTree = "<group>"; };
		9F85768D1C434A0C009B5E3C /* Info.plist */ = {isa = PBXFileReference; lastKnownFileType = text.plist.xml; path = Info.plist; sourceTree = "<group>"; };
/* End PBXFileReference section */

/* Begin PBXFrameworksBuildPhase section */
		9F8576601C434A0B009B5E3C /* Frameworks */ = {
			isa = PBXFrameworksBuildPhase;
			buildActionMask = 2147483647;
			files = (
			);
			runOnlyForDeploymentPostprocessing = 0;
		};
		9F8576791C434A0C009B5E3C /* Frameworks */ = {
			isa = PBXFrameworksBuildPhase;
			buildActionMask = 2147483647;
			files = (
			);
			runOnlyForDeploymentPostprocessing = 0;
		};
		9F8576841C434A0C009B5E3C /* Frameworks */ = {
			isa = PBXFrameworksBuildPhase;
			buildActionMask = 2147483647;
			files = (
			);
			runOnlyForDeploymentPostprocessing = 0;
		};
/* End PBXFrameworksBuildPhase section */

/* Begin PBXGroup section */
		9F85765A1C434A0B009B5E3C = {
			isa = PBXGroup;
			children = (
				9F8576651C434A0B009B5E3C /* DogCloud */,
				9F85767F1C434A0C009B5E3C /* DogCloudTests */,
				9F85768A1C434A0C009B5E3C /* DogCloudUITests */,
				9F8576641C434A0B009B5E3C /* Products */,
			);
			sourceTree = "<group>";
		};
		9F8576641C434A0B009B5E3C /* Products */ = {
			isa = PBXGroup;
			children = (
				9F8576631C434A0B009B5E3C /* DogCloud.app */,
				9F85767C1C434A0C009B5E3C /* DogCloudTests.xctest */,
				9F8576871C434A0C009B5E3C /* DogCloudUITests.xctest */,
			);
			name = Products;
			sourceTree = "<group>";
		};
		9F8576651C434A0B009B5E3C /* DogCloud */ = {
			isa = PBXGroup;
			children = (
				9F8576691C434A0B009B5E3C /* AppDelegate.h */,
				9F85766A1C434A0C009B5E3C /* AppDelegate.m */,
				9F85766C1C434A0C009B5E3C /* ViewController.h */,
				9F85766D1C434A0C009B5E3C /* ViewController.m */,
				9F85766F1C434A0C009B5E3C /* Main.storyboard */,
				9F8576721C434A0C009B5E3C /* Assets.xcassets */,
				9F8576741C434A0C009B5E3C /* LaunchScreen.storyboard */,
				9F8576771C434A0C009B5E3C /* Info.plist */,
				9F8576661C434A0B009B5E3C /* Supporting Files */,
			);
			path = DogCloud;
			sourceTree = "<group>";
		};
		9F8576661C434A0B009B5E3C /* Supporting Files */ = {
			isa = PBXGroup;
			children = (
				9F8576671C434A0B009B5E3C /* main.m */,
			);
			name = "Supporting Files";
			sourceTree = "<group>";
		};
		9F85767F1C434A0C009B5E3C /* DogCloudTests */ = {
			isa = PBXGroup;
			children = (
				9F8576801C434A0C009B5E3C /* DogCloudTests.m */,
				9F8576821C434A0C009B5E3C /* Info.plist */,
			);
			path = DogCloudTests;
			sourceTree = "<group>";
		};
		9F85768A1C434A0C009B5E3C /* DogCloudUITests */ = {
			isa = PBXGroup;
			children = (
				9F85768B1C434A0C009B5E3C /* DogCloudUITests.m */,
				9F85768D1C434A0C009B5E3C /* Info.plist */,
			);
			path = DogCloudUITests;
			sourceTree = "<group>";
		};
/* End PBXGroup section */

/* Begin PBXNativeTarget section */
		9F8576621C434A0B009B5E3C /* DogCloud */ = {
			isa = PBXNativeTarget;
			buildConfigurationList = 9F8576901C434A0C009B5E3C /* Build configuration list for PBXNativeTarget "DogCloud" */;
			buildPhases = (
				9F85765F1C434A0B009B5E3C /* Sources */,
				9F8576601C434A0B009B5E3C /* Frameworks */,
				9F8576611C434A0B009B5E3C /* Resources */,
			);
			buildRules = (
			);
			dependencies = (
			);
			name = DogCloud;
			productName = DogCloud;
			productReference = 9F8576631C434A0B009B5E3C /* DogCloud.app */;
			productType = "com.apple.product-type.application";
		};
		9F85767B1C434A0C009B5E3C /* DogCloudTests */ = {
			isa = PBXNativeTarget;
			buildConfigurationList = 9F8576931C434A0C009B5E3C /* Build configuration list for PBXNativeTarget "DogCloudTests" */;
			buildPhases = (
				9F8576781C434A0C009B5E3C /* Sources */,
				9F8576791C434A0C009B5E3C /* Frameworks */,
				9F85767A1C434A0C009B5E3C /* Resources */,
			);
			buildRules = (
			);
			dependencies = (
				9F85767E1C434A0C009B5E3C /* PBXTargetDependency */,
			);
			name = DogCloudTests;
			productName = DogCloudTests;
			productReference = 9F85767C1C434A0C009B5E3C /* DogCloudTests.xctest */;
			productType = "com.apple.product-type.bundle.unit-test";
		};
		9F8576861C434A0C009B5E3C /* DogCloudUITests */ = {
			isa = PBXNativeTarget;
			buildConfigurationList = 9F8576961C434A0C009B5E3C /* Build configuration list for PBXNativeTarget "DogCloudUITests" */;
			buildPhases = (
				9F8576831C434A0C009B5E3C /* Sources */,
				9F8576841C434A0C009B5E3C /* Frameworks */,
				9F8576851C434A0C009B5E3C /* Resources */,
			);
			buildRules = (
			);
			dependencies = (
				9F8576891C434A0C009B5E3C /* PBXTargetDependency */,
			);
			name = DogCloudUITests;
			productName = DogCloudUITests;
			productReference = 9F8576871C434A0C009B5E3C /* DogCloudUITests.xctest */;
			productType = "com.apple.product-type.bundle.ui-testing";
		};
/* End PBXNativeTarget section */

/* Begin PBXProject section */
		9F85765B1C434A0B009B5E3C /* Project object */ = {
			isa = PBXProject;
			attributes = {
				LastUpgradeCheck = 0720;
				ORGANIZATIONNAME = Allen;
				TargetAttributes = {
					9F8576621C434A0B009B5E3C = {
						CreatedOnToolsVersion = 7.2;
					};
					9F85767B1C434A0C009B5E3C = {
						CreatedOnToolsVersion = 7.2;
						TestTargetID = 9F8576621C434A0B009B5E3C;
					};
					9F8576861C434A0C009B5E3C = {
						CreatedOnToolsVersion = 7.2;
						TestTargetID = 9F8576621C434A0B009B5E3C;
					};
				};
			};
			buildConfigurationList = 9F85765E1C434A0B009B5E3C /* Build configuration list for PBXProject "DogCloud" */;
			compatibilityVersion = "Xcode 3.2";
			developmentRegion = English;
			hasScannedForEncodings = 0;
			knownRegions = (
				en,
				Base,
			);
			mainGroup = 9F85765A1C434A0B009B5E3C;
			productRefGroup = 9F8576641C434A0B009B5E3C /* Products */;
			projectDirPath = "";
			projectRoot = "";
			targets = (
				9F8576621C434A0B009B5E3C /* DogCloud */,
				9F85767B1C434A0C009B5E3C /* DogCloudTests */,
				9F8576861C434A0C009B5E3C /* DogCloudUITests */,
			);
		};
/* End PBXProject section */

/* Begin PBXResourcesBuildPhase section */
		9F8576611C434A0B009B5E3C /* Resources */ = {
			isa = PBXResourcesBuildPhase;
			buildActionMask = 2147483647;
			files = (
				9F8576761C434A0C009B5E3C /* LaunchScreen.storyboard in Resources */,
				9F8576731C434A0C009B5E3C /* Assets.xcassets in Resources */,
				9F8576711C434A0C009B5E3C /* Main.storyboard in Resources */,
			);
			runOnlyForDeploymentPostprocessing = 0;
		};
		9F85767A1C434A0C009B5E3C /* Resources */ = {
			isa = PBXResourcesBuildPhase;
			buildActionMask = 2147483647;
			files = (
			);
			runOnlyForDeploymentPostprocessing = 0;
		};
		9F8576851C434A0C009B5E3C /* Resources */ = {
			isa = PBXResourcesBuildPhase;
			buildActionMask = 2147483647;
			files = (
			);
			runOnlyForDeploymentPostprocessing = 0;
		};
/* End PBXResourcesBuildPhase section */

/* Begin PBXSourcesBuildPhase section */
		9F85765F1C434A0B009B5E3C /* Sources */ = {
			isa = PBXSourcesBuildPhase;
			buildActionMask = 2147483647;
			files = (
				9F85766E1C434A0C009B5E3C /* ViewController.m in Sources */,
				9F85766B1C434A0C009B5E3C /* AppDelegate.m in Sources */,
				9F8576681C434A0B009B5E3C /* main.m in Sources */,
			);
			runOnlyForDeploymentPostprocessing = 0;
		};
		9F8576781C434A0C009B5E3C /* Sources */ = {
			isa = PBXSourcesBuildPhase;
			buildActionMask = 2147483647;
			files = (
				9F8576811C434A0C009B5E3C /* DogCloudTests.m in Sources */,
			);
			runOnlyForDeploymentPostprocessing = 0;
		};
		9F8576831C434A0C009B5E3C /* Sources */ = {
			isa = PBXSourcesBuildPhase;
			buildActionMask = 2147483647;
			files = (
				9F85768C1C434A0C009B5E3C /* DogCloudUITests.m in Sources */,
			);
			runOnlyForDeploymentPostprocessing = 0;
		};
/* End PBXSourcesBuildPhase section */

/* Begin PBXTargetDependency section */
		9F85767E1C434A0C009B5E3C /* PBXTargetDependency */ = {
			isa = PBXTargetDependency;
			target = 9F8576621C434A0B009B5E3C /* DogCloud */;
			targetProxy = 9F85767D1C434A0C009B5E3C /* PBXContainerItemProxy */;
		};
		9F8576891C434A0C009B5E3C /* PBXTargetDependency */ = {
			isa = PBXTargetDependency;
			target = 9F8576621C434A0B009B5E3C /* DogCloud */;
			targetProxy = 9F8576881C434A0C009B5E3C /* PBXContainerItemProxy */;
		};
/* End PBXTargetDependency section */

/* Begin PBXVariantGroup section */
		9F85766F1C434A0C009B5E3C /* Main.storyboard */ = {
			isa = PBXVariantGroup;
			children = (
				9F8576701C434A0C009B5E3C /* Base */,
			);
			name = Main.storyboard;
			sourceTree = "<group>";
		};
		9F8576741C434A0C009B5E3C /* LaunchScreen.storyboard */ = {
			isa = PBXVariantGroup;
			children = (
				9F8576751C434A0C009B5E3C /* Base */,
			);
			name = LaunchScreen.storyboard;
			sourceTree = "<group>";
		};
/* End PBXVariantGroup section */

/* Begin XCBuildConfiguration section */
		9F85768E1C434A0C009B5E3C /* Debug */ = {
			isa = XCBuildConfiguration;
			buildSettings = {
				ALWAYS_SEARCH_USER_PATHS = NO;
				CLANG_CXX_LANGUAGE_STANDARD = "gnu++0x";
				CLANG_CXX_LIBRARY = "libc++";
				CLANG_ENABLE_MODULES = YES;
				CLANG_ENABLE_OBJC_ARC = YES;
				CLANG_WARN_BOOL_CONVERSION = YES;
				CLANG_WARN_CONSTANT_CONVERSION = YES;
				CLANG_WARN_DIRECT_OBJC_ISA_USAGE = YES_ERROR;
				CLANG_WARN_EMPTY_BODY = YES;
				CLANG_WARN_ENUM_CONVERSION = YES;
				CLANG_WARN_INT_CONVERSION = YES;
				CLANG_WARN_OBJC_ROOT_CLASS = YES_ERROR;
				CLANG_WARN_UNREACHABLE_CODE = YES;
				CLANG_WARN__DUPLICATE_METHOD_MATCH = YES;
				"CODE_SIGN_IDENTITY[sdk=iphoneos*]" = "iPhone Developer";
				COPY_PHASE_STRIP = NO;
				DEBUG_INFORMATION_FORMAT = dwarf;
				ENABLE_STRICT_OBJC_MSGSEND = YES;
				ENABLE_TESTABILITY = YES;
				GCC_C_LANGUAGE_STANDARD = gnu99;
				GCC_DYNAMIC_NO_PIC = NO;
				GCC_NO_COMMON_BLOCKS = YES;
				GCC_OPTIMIZATION_LEVEL = 0;
				GCC_PREPROCESSOR_DEFINITIONS = (
					"DEBUG=1",
					"$(inherited)",
				);
				GCC_WARN_64_TO_32_BIT_CONVERSION = YES;
				GCC_WARN_ABOUT_RETURN_TYPE = YES_ERROR;
				GCC_WARN_UNDECLARED_SELECTOR = YES;
				GCC_WARN_UNINITIALIZED_AUTOS = YES_AGGRESSIVE;
				GCC_WARN_UNUSED_FUNCTION = YES;
				GCC_WARN_UNUSED_VARIABLE = YES;
				IPHONEOS_DEPLOYMENT_TARGET = 9.2;
				MTL_ENABLE_DEBUG_INFO = YES;
				ONLY_ACTIVE_ARCH = YES;
				SDKROOT = iphoneos;
				TARGETED_DEVICE_FAMILY = "1,2";
			};
			name = Debug;
		};
		9F85768F1C434A0C009B5E3C /* Release */ = {
			isa = XCBuildConfiguration;
			buildSettings = {
				ALWAYS_SEARCH_USER_PATHS = NO;
				CLANG_CXX_LANGUAGE_STANDARD = "gnu++0x";
				CLANG_CXX_LIBRARY = "libc++";
				CLANG_ENABLE_MODULES = YES;
				CLANG_ENABLE_OBJC_ARC = YES;
				CLANG_WARN_BOOL_CONVERSION = YES;
				CLANG_WARN_CONSTANT_CONVERSION = YES;
				CLANG_WARN_DIRECT_OBJC_ISA_USAGE = YES_ERROR;
				CLANG_WARN_EMPTY_BODY = YES;
				CLANG_WARN_ENUM_CONVERSION = YES;
				CLANG_WARN_INT_CONVERSION = YES;
				CLANG_WARN_OBJC_ROOT_CLASS = YES_ERROR;
				CLANG_WARN_UNREACHABLE_CODE = YES;
				CLANG_WARN__DUPLICATE_METHOD_MATCH = YES;
				"CODE_SIGN_IDENTITY[sdk=iphoneos*]" = "iPhone Developer";
				COPY_PHASE_STRIP = NO;
				DEBUG_INFORMATION_FORMAT = "dwarf-with-dsym";
				ENABLE_NS_ASSERTIONS = NO;
				ENABLE_STRICT_OBJC_MSGSEND = YES;
				GCC_C_LANGUAGE_STANDARD = gnu99;
				GCC_NO_COMMON_BLOCKS = YES;
				GCC_WARN_64_TO_32_BIT_CONVERSION = YES;
				GCC_WARN_ABOUT_RETURN_TYPE = YES_ERROR;
				GCC_WARN_UNDECLARED_SELECTOR = YES;
				GCC_WARN_UNINITIALIZED_AUTOS = YES_AGGRESSIVE;
				GCC_WARN_UNUSED_FUNCTION = YES;
				GCC_WARN_UNUSED_VARIABLE = YES;
				IPHONEOS_DEPLOYMENT_TARGET = 9.2;
				MTL_ENABLE_DEBUG_INFO = NO;
				SDKROOT = iphoneos;
				TARGETED_DEVICE_FAMILY = "1,2";
				VALIDATE_PRODUCT = YES;
			};
			name = Release;
		};
		9F8576911C434A0C009B5E3C /* Debug */ = {
			isa = XCBuildConfiguration;
			buildSettings = {
				ASSETCATALOG_COMPILER_APPICON_NAME = AppIcon;
				INFOPLIST_FILE = DogCloud/Info.plist;
				LD_RUNPATH_SEARCH_PATHS = "$(inherited) @executable_path/Frameworks";
				PRODUCT_BUNDLE_IDENTIFIER = Test.DogCloud;
				PRODUCT_NAME = "$(TARGET_NAME)";
			};
			name = Debug;
		};
		9F8576921C434A0C009B5E3C /* Release */ = {
			isa = XCBuildConfiguration;
			buildSettings = {
				ASSETCATALOG_COMPILER_APPICON_NAME = AppIcon;
				INFOPLIST_FILE = DogCloud/Info.plist;
				LD_RUNPATH_SEARCH_PATHS = "$(inherited) @executable_path/Frameworks";
				PRODUCT_BUNDLE_IDENTIFIER = Test.DogCloud;
				PRODUCT_NAME = "$(TARGET_NAME)";
			};
			name = Release;
		};
		9F8576941C434A0C009B5E3C /* Debug */ = {
			isa = XCBuildConfiguration;
			buildSettings = {
				BUNDLE_LOADER = "$(TEST_HOST)";
				INFOPLIST_FILE = DogCloudTests/Info.plist;
				LD_RUNPATH_SEARCH_PATHS = "$(inherited) @executable_path/Frameworks @loader_path/Frameworks";
				PRODUCT_BUNDLE_IDENTIFIER = Test.DogCloudTests;
				PRODUCT_NAME = "$(TARGET_NAME)";
				TEST_HOST = "$(BUILT_PRODUCTS_DIR)/DogCloud.app/DogCloud";
			};
			name = Debug;
		};
		9F8576951C434A0C009B5E3C /* Release */ = {
			isa = XCBuildConfiguration;
			buildSettings = {
				BUNDLE_LOADER = "$(TEST_HOST)";
				INFOPLIST_FILE = DogCloudTests/Info.plist;
				LD_RUNPATH_SEARCH_PATHS = "$(inherited) @executable_path/Frameworks @loader_path/Frameworks";
				PRODUCT_BUNDLE_IDENTIFIER = Test.DogCloudTests;
				PRODUCT_NAME = "$(TARGET_NAME)";
				TEST_HOST = "$(BUILT_PRODUCTS_DIR)/DogCloud.app/DogCloud";
			};
			name = Release;
		};
		9F8576971C434A0C009B5E3C /* Debug */ = {
			isa = XCBuildConfiguration;
			buildSettings = {
				INFOPLIST_FILE = DogCloudUITests/Info.plist;
				LD_RUNPATH_SEARCH_PATHS = "$(inherited) @executable_path/Frameworks @loader_path/Frameworks";
				PRODUCT_BUNDLE_IDENTIFIER = Test.DogCloudUITests;
				PRODUCT_NAME = "$(TARGET_NAME)";
				TEST_TARGET_NAME = DogCloud;
				USES_XCTRUNNER = YES;
			};
			name = Debug;
		};
		9F8576981C434A0C009B5E3C /* Release */ = {
			isa = XCBuildConfiguration;
			buildSettings = {
				INFOPLIST_FILE = DogCloudUITests/Info.plist;
				LD_RUNPATH_SEARCH_PATHS = "$(inherited) @executable_path/Frameworks @loader_path/Frameworks";
				PRODUCT_BUNDLE_IDENTIFIER = Test.DogCloudUITests;
				PRODUCT_NAME = "$(TARGET_NAME)";
				TEST_TARGET_NAME = DogCloud;
				USES_XCTRUNNER = YES;
			};
			name = Release;
		};
/* End XCBuildConfiguration section */

/* Begin XCConfigurationList section */
		9F85765E1C434A0B009B5E3C /* Build configuration list for PBXProject "DogCloud" */ = {
			isa = XCConfigurationList;
			buildConfigurations = (
				9F85768E1C434A0C009B5E3C /* Debug */,
				9F85768F1C434A0C009B5E3C /* Release */,
			);
			defaultConfigurationIsVisible = 0;
			defaultConfigurationName = Release;
		};
		9F8576901C434A0C009B5E3C /* Build configuration list for PBXNativeTarget "DogCloud" */ = {
			isa = XCConfigurationList;
			buildConfigurations = (
				9F8576911C434A0C009B5E3C /* Debug */,
				9F8576921C434A0C009B5E3C /* Release */,
			);
			defaultConfigurationIsVisible = 0;
		};
		9F8576931C434A0C009B5E3C /* Build configuration list for PBXNativeTarget "DogCloudTests" */ = {
			isa = XCConfigurationList;
			buildConfigurations = (
				9F8576941C434A0C009B5E3C /* Debug */,
				9F8576951C434A0C009B5E3C /* Release */,
			);
			defaultConfigurationIsVisible = 0;
		};
		9F8576961C434A0C009B5E3C /* Build configuration list for PBXNativeTarget "DogCloudUITests" */ = {
			isa = XCConfigurationList;
			buildConfigurations = (
				9F8576971C434A0C009B5E3C /* Debug */,
				9F8576981C434A0C009B5E3C /* Release */,
			);
			defaultConfigurationIsVisible = 0;
		};
/* End XCConfigurationList section */
	};
	rootObject = 9F85765B1C434A0B009B5E3C /* Project object */;
}
